<?xml version="1.0" encoding="utf-8"?>
<Project ToolsVersion="4.0" xmlns="http://schemas.microsoft.com/developer/msbuild/2003">
  <ItemGroup>
    <Filter Include="Source Files">
      <UniqueIdentifier>{082a97e6-100a-4da8-8ac0-8c764deb5775}</UniqueIdentifier>
    </Filter>
    <Filter Include="Header Files">
      <UniqueIdentifier>{47d386c5-2c2c-43b9-a41d-281aae62a49b}</UniqueIdentifier>
    </Filter>
  </ItemGroup>
  <ItemGroup>
    <ClCompile Include="..\src\zstd\common/debug.c">
      <Filter>Source Files</Filter>
    </ClCompile>
    <ClCompile Include="..\src\zstd\common/entropy_common.c">
      <Filter>Source Files</Filter>
    </ClCompile>
    <ClCompile Include="..\src\zstd\common/error_private.c">
      <Filter>Source Files</Filter>
    </ClCompile>
    <ClCompile Include="..\src\zstd\common/fse_decompress.c">
      <Filter>Source Files</Filter>
    </ClCompile>
    <ClCompile Include="..\src\zstd\common/pool.c">
      <Filter>Source Files</Filter>
    </ClCompile>
    <ClCompile Include="..\src\zstd\common/threading.c">
      <Filter>Source Files</Filter>
    </ClCompile>
    <ClCompile Include="..\src\zstd\common/xxhash.c">
      <Filter>Source Files</Filter>
    </ClCompile>
    <ClCompile Include="..\src\zstd\common/zstd_common.c">
      <Filter>Source Files</Filter>
    </ClCompile>
    <ClCompile Include="..\src\zstd\decompress/huf_decompress.c">
      <Filter>Source Files</Filter>
    </ClCompile>
    <ClCompile Include="..\src\zstd\decompress/zstd_ddict.c">
      <Filter>Source Files</Filter>
    </ClCompile>
    <ClCompile Include="..\src\zstd\decompress/zstd_decompress.c">
      <Filter>Source Files</Filter>
    </ClCompile>
    <ClCompile Include="..\src\zstd\decompress/zstd_decompress_block.c">
      <Filter>Source Files</Filter>
    </ClCompile>
    <ClCompile Include="..\src\zstd\legacy/zstd_v05.c">
      <Filter>Source Files</Filter>
    </ClCompile>
    <ClCompile Include="..\src\zstd\legacy/zstd_v06.c">
      <Filter>Source Files</Filter>
    </ClCompile>
    <ClCompile Include="..\src\zstd\legacy/zstd_v07.c">
      <Filter>Source Files</Filter>
    </ClCompile>
  </ItemGroup>
  <ItemGroup>
    <ClInclude Include="..\src\zstd\zdict.h">
      <Filter>Header Files</Filter>
    </ClInclude>
    <ClInclude Include="..\src\zstd\zstd.h">
      <Filter>Header Files</Filter>
    </ClInclude>
    <ClInclude Include="..\src\zstd\zstd_errors.h">
      <Filter>Header Files</Filter>
    </ClInclude>
    <ClInclude Include="..\src\zstd\common/bits.h">
      <Filter>Header Files</Filter>
    </ClInclude>
    <ClInclude Include="..\src\zstd\common/bitstream.h">
      <Filter>Header Files</Filter>
    </ClInclude>
    <ClInclude Include="..\src\zstd\common/compiler.h">
      <Filter>Header Files</Filter>
    </ClInclude>
    <ClInclude Include="..\src\zstd\common/cpu.h">
      <Filter>Header Files</Filter>
    </ClInclude>
    <ClInclude Include="..\src\zstd\common/debug.h">
      <Filter>Header Files</Filter>
    </ClInclude>
    <ClInclude Include="..\src\zstd\common/error_private.h">
      <Filter>Header Files</Filter>
    </ClInclude>
    <ClInclude Include="..\src\zstd\common/fse.h">
      <Filter>Header Files</Filter>
    </ClInclude>
    <ClInclude Include="..\src\zstd\common/huf.h">
      <Filter>Header Files</Filter>
    </ClInclude>
    <ClInclude Include="..\src\zstd\common/mem.h">
      <Filter>Header Files</Filter>
    </ClInclude>
    <ClInclude Include="..\src\zstd\common/pool.h">
      <Filter>Header Files</Filter>
    </ClInclude>
    <ClInclude Include="..\src\zstd\common/portability_macros.h">
      <Filter>Header Files</Filter>
    </ClInclude>
    <ClInclude Include="..\src\zstd\common/threading.h">
      <Filter>Header Files</Filter>
    </ClInclude>
    <ClInclude Include="..\src\zstd\common/xxhash.h">
      <Filter>Header Files</Filter>
    </ClInclude>
    <ClInclude Include="..\src\zstd\common/zstd_deps.h">
      <Filter>Header Files</Filter>
    </ClInclude>
    <ClInclude Include="..\src\zstd\common/zstd_internal.h">
      <Filter>Header Files</Filter>
    </ClInclude>
    <ClInclude Include="..\src\zstd\common/zstd_trace.h">
      <Filter>Header Files</Filter>
    </ClInclude>
    <ClInclude Include="..\src\zstd\decompress/zstd_ddict.h">
      <Filter>Header Files</Filter>
    </ClInclude>
    <ClInclude Include="..\src\zstd\decompress/zstd_decompress_block.h">
      <Filter>Header Files</Filter>
    </ClInclude>
    <ClInclude Include="..\src\zstd\decompress/zstd_decompress_internal.h">
      <Filter>Header Files</Filter>
    </ClInclude>
    <ClInclude Include="..\src\zstd\legacy/zstd_legacy.h">
      <Filter>Header Files</Filter>
    </ClInclude>
    <ClInclude Include="..\src\zstd\legacy/zstd_v05.h">
      <Filter>Header Files</Filter>
    </ClInclude>
    <ClInclude Include="..\src\zstd\legacy/zstd_v06.h">
      <Filter>Header Files</Filter>
    </ClInclude>
    <ClInclude Include="..\src\zstd\legacy/zstd_v07.h">
      <Filter>Header Files</Filter>
    </ClInclude>
  </ItemGroup>
</Project>
